
Microsoft Visual Studio Solution File, Format Version 12.00
# Visual Studio 14
VisualStudioVersion = 14.0.25420.1
MinimumVisualStudioVersion = 10.0.40219.1
Project("{FAE04EC0-301F-11D3-BF4B-00C04F79EFBC}") = "HeadsInTheCloud", "HeadsInTheCloud\HeadsInTheCloud\HeadsInTheCloud.csproj", "{EDD765CB-4A8F-4F04-A786-075DD1DD6119}"
EndProject
Project("{FAE04EC0-301F-11D3-BF4B-00C04F79EFBC}") = "HeadsInTheCloud.Droid", "HeadsInTheCloud\HeadsInTheCloud.Droid\HeadsInTheCloud.Droid.csproj", "{38CC4BA7-77B6-44AC-A480-177DA9F72F94}"
EndProject
Project("{FAE04EC0-301F-11D3-BF4B-00C04F79EFBC}") = "HeadsInTheCloud.iOS", "HeadsInTheCloud\HeadsInTheCloud.iOS\HeadsInTheCloud.iOS.csproj", "{92FCAEAD-F1E4-4430-AA23-2855A656033C}"
EndProject
Project("{FAE04EC0-301F-11D3-BF4B-00C04F79EFBC}") = "HeadsInTheCloud.WinPhone", "HeadsInTheCloud\HeadsInTheCloud.WinPhone\HeadsInTheCloud.WinPhone.csproj", "{D7019CFE-05AB-4090-A8ED-C7DE221D3C19}"
EndProject
Project("{FAE04EC0-301F-11D3-BF4B-00C04F79EFBC}") = "HeadsInTheCloud.UWP", "HeadsInTheCloud\HeadsInTheCloud.UWP\HeadsInTheCloud.UWP.csproj", "{69E0D92A-2815-43CB-83B2-E5701CD0F0DD}"
EndProject
Project("{FAE04EC0-301F-11D3-BF4B-00C04F79EFBC}") = "HeadsInTheCloud.Windows", "HeadsInTheCloud\HeadsInTheCloud.Windows\HeadsInTheCloud.Windows.csproj", "{2B825C51-50DA-47B2-8970-15AEAD8702F5}"
EndProject
Global
	GlobalSection(SolutionConfigurationPlatforms) = preSolution
		Ad-Hoc|Any CPU = Ad-Hoc|Any CPU
		Ad-Hoc|ARM = Ad-Hoc|ARM
		Ad-Hoc|iPhone = Ad-Hoc|iPhone
		Ad-Hoc|iPhoneSimulator = Ad-Hoc|iPhoneSimulator
		Ad-Hoc|x64 = Ad-Hoc|x64
		Ad-Hoc|x86 = Ad-Hoc|x86
		AppStore|Any CPU = AppStore|Any CPU
		AppStore|ARM = AppStore|ARM
		AppStore|iPhone = AppStore|iPhone
		AppStore|iPhoneSimulator = AppStore|iPhoneSimulator
		AppStore|x64 = AppStore|x64
		AppStore|x86 = AppStore|x86
		Debug|Any CPU = Debug|Any CPU
		Debug|ARM = Debug|ARM
		Debug|iPhone = Debug|iPhone
		Debug|iPhoneSimulator = Debug|iPhoneSimulator
		Debug|x64 = Debug|x64
		Debug|x86 = Debug|x86
		Release|Any CPU = Release|Any CPU
		Release|ARM = Release|ARM
		Release|iPhone = Release|iPhone
		Release|iPhoneSimulator = Release|iPhoneSimulator
		Release|x64 = Release|x64
		Release|x86 = Release|x86
	EndGlobalSection
	GlobalSection(ProjectConfigurationPlatforms) = postSolution
		{EDD765CB-4A8F-4F04-A786-075DD1DD6119}.Ad-Hoc|Any CPU.ActiveCfg = Release|Any CPU
		{EDD765CB-4A8F-4F04-A786-075DD1DD6119}.Ad-Hoc|Any CPU.Build.0 = Release|Any CPU
		{EDD765CB-4A8F-4F04-A786-075DD1DD6119}.Ad-Hoc|ARM.ActiveCfg = Release|Any CPU
		{EDD765CB-4A8F-4F04-A786-075DD1DD6119}.Ad-Hoc|ARM.Build.0 = Release|Any CPU
		{EDD765CB-4A8F-4F04-A786-075DD1DD6119}.Ad-Hoc|iPhone.ActiveCfg = Release|Any CPU
		{EDD765CB-4A8F-4F04-A786-075DD1DD6119}.Ad-Hoc|iPhone.Build.0 = Release|Any CPU
		{EDD765CB-4A8F-4F04-A786-075DD1DD6119}.Ad-Hoc|iPhoneSimulator.ActiveCfg = Release|Any CPU
		{EDD765CB-4A8F-4F04-A786-075DD1DD6119}.Ad-Hoc|iPhoneSimulator.Build.0 = Release|Any CPU
		{EDD765CB-4A8F-4F04-A786-075DD1DD6119}.Ad-Hoc|x64.ActiveCfg = Release|Any CPU
		{EDD765CB-4A8F-4F04-A786-075DD1DD6119}.Ad-Hoc|x64.Build.0 = Release|Any CPU
		{EDD765CB-4A8F-4F04-A786-075DD1DD6119}.Ad-Hoc|x86.ActiveCfg = Release|Any CPU
		{EDD765CB-4A8F-4F04-A786-075DD1DD6119}.Ad-Hoc|x86.Build.0 = Release|Any CPU
		{EDD765CB-4A8F-4F04-A786-075DD1DD6119}.AppStore|Any CPU.ActiveCfg = Release|Any CPU
		{EDD765CB-4A8F-4F04-A786-075DD1DD6119}.AppStore|Any CPU.Build.0 = Release|Any CPU
		{EDD765CB-4A8F-4F04-A786-075DD1DD6119}.AppStore|ARM.ActiveCfg = Release|Any CPU
		{EDD765CB-4A8F-4F04-A786-075DD1DD6119}.AppStore|ARM.Build.0 = Release|Any CPU
		{EDD765CB-4A8F-4F04-A786-075DD1DD6119}.AppStore|iPhone.ActiveCfg = Release|Any CPU
		{EDD765CB-4A8F-4F04-A786-075DD1DD6119}.AppStore|iPhone.Build.0 = Release|Any CPU
		{EDD765CB-4A8F-4F04-A786-075DD1DD6119}.AppStore|iPhoneSimulator.ActiveCfg = Release|Any CPU
		{EDD765CB-4A8F-4F04-A786-075DD1DD6119}.AppStore|iPhoneSimulator.Build.0 = Release|Any CPU
		{EDD765CB-4A8F-4F04-A786-075DD1DD6119}.AppStore|x64.ActiveCfg = Release|Any CPU
		{EDD765CB-4A8F-4F04-A786-075DD1DD6119}.AppStore|x64.Build.0 = Release|Any CPU
		{EDD765CB-4A8F-4F04-A786-075DD1DD6119}.AppStore|x86.ActiveCfg = Release|Any CPU
		{EDD765CB-4A8F-4F04-A786-075DD1DD6119}.AppStore|x86.Build.0 = Release|Any CPU
		{EDD765CB-4A8F-4F04-A786-075DD1DD6119}.Debug|Any CPU.ActiveCfg = Debug|Any CPU
		{EDD765CB-4A8F-4F04-A786-075DD1DD6119}.Debug|Any CPU.Build.0 = Debug|Any CPU
		{EDD765CB-4A8F-4F04-A786-075DD1DD6119}.Debug|ARM.ActiveCfg = Debug|Any CPU
		{EDD765CB-4A8F-4F04-A786-075DD1DD6119}.Debug|ARM.Build.0 = Debug|Any CPU
		{EDD765CB-4A8F-4F04-A786-075DD1DD6119}.Debug|iPhone.ActiveCfg = Debug|Any CPU
		{EDD765CB-4A8F-4F04-A786-075DD1DD6119}.Debug|iPhone.Build.0 = Debug|Any CPU
		{EDD765CB-4A8F-4F04-A786-075DD1DD6119}.Debug|iPhoneSimulator.ActiveCfg = Debug|Any CPU
		{EDD765CB-4A8F-4F04-A786-075DD1DD6119}.Debug|iPhoneSimulator.Build.0 = Debug|Any CPU
		{EDD765CB-4A8F-4F04-A786-075DD1DD6119}.Debug|x64.ActiveCfg = Debug|Any CPU
		{EDD765CB-4A8F-4F04-A786-075DD1DD6119}.Debug|x64.Build.0 = Debug|Any CPU
		{EDD765CB-4A8F-4F04-A786-075DD1DD6119}.Debug|x86.ActiveCfg = Debug|Any CPU
		{EDD765CB-4A8F-4F04-A786-075DD1DD6119}.Debug|x86.Build.0 = Debug|Any CPU
		{EDD765CB-4A8F-4F04-A786-075DD1DD6119}.Release|Any CPU.ActiveCfg = Release|Any CPU
		{EDD765CB-4A8F-4F04-A786-075DD1DD6119}.Release|Any CPU.Build.0 = Release|Any CPU
		{EDD765CB-4A8F-4F04-A786-075DD1DD6119}.Release|ARM.ActiveCfg = Release|Any CPU
		{EDD765CB-4A8F-4F04-A786-075DD1DD6119}.Release|ARM.Build.0 = Release|Any CPU
		{EDD765CB-4A8F-4F04-A786-075DD1DD6119}.Release|iPhone.ActiveCfg = Release|Any CPU
		{EDD765CB-4A8F-4F04-A786-075DD1DD6119}.Release|iPhone.Build.0 = Release|Any CPU
		{EDD765CB-4A8F-4F04-A786-075DD1DD6119}.Release|iPhoneSimulator.ActiveCfg = Release|Any CPU
		{EDD765CB-4A8F-4F04-A786-075DD1DD6119}.Release|iPhoneSimulator.Build.0 = Release|Any CPU
		{EDD765CB-4A8F-4F04-A786-075DD1DD6119}.Release|x64.ActiveCfg = Release|Any CPU
		{EDD765CB-4A8F-4F04-A786-075DD1DD6119}.Release|x64.Build.0 = Release|Any CPU
		{EDD765CB-4A8F-4F04-A786-075DD1DD6119}.Release|x86.ActiveCfg = Release|Any CPU
		{EDD765CB-4A8F-4F04-A786-075DD1DD6119}.Release|x86.Build.0 = Release|Any CPU
		{38CC4BA7-77B6-44AC-A480-177DA9F72F94}.Ad-Hoc|Any CPU.ActiveCfg = Release|Any CPU
		{38CC4BA7-77B6-44AC-A480-177DA9F72F94}.Ad-Hoc|Any CPU.Build.0 = Release|Any CPU
		{38CC4BA7-77B6-44AC-A480-177DA9F72F94}.Ad-Hoc|Any CPU.Deploy.0 = Release|Any CPU
		{38CC4BA7-77B6-44AC-A480-177DA9F72F94}.Ad-Hoc|ARM.ActiveCfg = Release|Any CPU
		{38CC4BA7-77B6-44AC-A480-177DA9F72F94}.Ad-Hoc|ARM.Build.0 = Release|Any CPU
		{38CC4BA7-77B6-44AC-A480-177DA9F72F94}.Ad-Hoc|ARM.Deploy.0 = Release|Any CPU
		{38CC4BA7-77B6-44AC-A480-177DA9F72F94}.Ad-Hoc|iPhone.ActiveCfg = Release|Any CPU
		{38CC4BA7-77B6-44AC-A480-177DA9F72F94}.Ad-Hoc|iPhone.Build.0 = Release|Any CPU
		{38CC4BA7-77B6-44AC-A480-177DA9F72F94}.Ad-Hoc|iPhone.Deploy.0 = Release|Any CPU
		{38CC4BA7-77B6-44AC-A480-177DA9F72F94}.Ad-Hoc|iPhoneSimulator.ActiveCfg = Release|Any CPU
		{38CC4BA7-77B6-44AC-A480-177DA9F72F94}.Ad-Hoc|iPhoneSimulator.Build.0 = Release|Any CPU
		{38CC4BA7-77B6-44AC-A480-177DA9F72F94}.Ad-Hoc|iPhoneSimulator.Deploy.0 = Release|Any CPU
		{38CC4BA7-77B6-44AC-A480-177DA9F72F94}.Ad-Hoc|x64.ActiveCfg = Release|Any CPU
		{38CC4BA7-77B6-44AC-A480-177DA9F72F94}.Ad-Hoc|x64.Build.0 = Release|Any CPU
		{38CC4BA7-77B6-44AC-A480-177DA9F72F94}.Ad-Hoc|x64.Deploy.0 = Release|Any CPU
		{38CC4BA7-77B6-44AC-A480-177DA9F72F94}.Ad-Hoc|x86.ActiveCfg = Release|Any CPU
		{38CC4BA7-77B6-44AC-A480-177DA9F72F94}.Ad-Hoc|x86.Build.0 = Release|Any CPU
		{38CC4BA7-77B6-44AC-A480-177DA9F72F94}.Ad-Hoc|x86.Deploy.0 = Release|Any CPU
		{38CC4BA7-77B6-44AC-A480-177DA9F72F94}.AppStore|Any CPU.ActiveCfg = Release|Any CPU
		{38CC4BA7-77B6-44AC-A480-177DA9F72F94}.AppStore|Any CPU.Build.0 = Release|Any CPU
		{38CC4BA7-77B6-44AC-A480-177DA9F72F94}.AppStore|Any CPU.Deploy.0 = Release|Any CPU
		{38CC4BA7-77B6-44AC-A480-177DA9F72F94}.AppStore|ARM.ActiveCfg = Release|Any CPU
		{38CC4BA7-77B6-44AC-A480-177DA9F72F94}.AppStore|ARM.Build.0 = Release|Any CPU
		{38CC4BA7-77B6-44AC-A480-177DA9F72F94}.AppStore|ARM.Deploy.0 = Release|Any CPU
		{38CC4BA7-77B6-44AC-A480-177DA9F72F94}.AppStore|iPhone.ActiveCfg = Release|Any CPU
		{38CC4BA7-77B6-44AC-A480-177DA9F72F94}.AppStore|iPhone.Build.0 = Release|Any CPU
		{38CC4BA7-77B6-44AC-A480-177DA9F72F94}.AppStore|iPhone.Deploy.0 = Release|Any CPU
		{38CC4BA7-77B6-44AC-A480-177DA9F72F94}.AppStore|iPhoneSimulator.ActiveCfg = Release|Any CPU
		{38CC4BA7-77B6-44AC-A480-177DA9F72F94}.AppStore|iPhoneSimulator.Build.0 = Release|Any CPU
		{38CC4BA7-77B6-44AC-A480-177DA9F72F94}.AppStore|iPhoneSimulator.Deploy.0 = Release|Any CPU
		{38CC4BA7-77B6-44AC-A480-177DA9F72F94}.AppStore|x64.ActiveCfg = Release|Any CPU
		{38CC4BA7-77B6-44AC-A480-177DA9F72F94}.AppStore|x64.Build.0 = Release|Any CPU
		{38CC4BA7-77B6-44AC-A480-177DA9F72F94}.AppStore|x64.Deploy.0 = Release|Any CPU
		{38CC4BA7-77B6-44AC-A480-177DA9F72F94}.AppStore|x86.ActiveCfg = Release|Any CPU
		{38CC4BA7-77B6-44AC-A480-177DA9F72F94}.AppStore|x86.Build.0 = Release|Any CPU
		{38CC4BA7-77B6-44AC-A480-177DA9F72F94}.AppStore|x86.Deploy.0 = Release|Any CPU
		{38CC4BA7-77B6-44AC-A480-177DA9F72F94}.Debug|Any CPU.ActiveCfg = Debug|Any CPU
		{38CC4BA7-77B6-44AC-A480-177DA9F72F94}.Debug|Any CPU.Build.0 = Debug|Any CPU
		{38CC4BA7-77B6-44AC-A480-177DA9F72F94}.Debug|Any CPU.Deploy.0 = Debug|Any CPU
		{38CC4BA7-77B6-44AC-A480-177DA9F72F94}.Debug|ARM.ActiveCfg = Debug|Any CPU
		{38CC4BA7-77B6-44AC-A480-177DA9F72F94}.Debug|ARM.Build.0 = Debug|Any CPU
		{38CC4BA7-77B6-44AC-A480-177DA9F72F94}.Debug|ARM.Deploy.0 = Debug|Any CPU
		{38CC4BA7-77B6-44AC-A480-177DA9F72F94}.Debug|iPhone.ActiveCfg = Debug|Any CPU
		{38CC4BA7-77B6-44AC-A480-177DA9F72F94}.Debug|iPhone.Build.0 = Debug|Any CPU
		{38CC4BA7-77B6-44AC-A480-177DA9F72F94}.Debug|iPhone.Deploy.0 = Debug|Any CPU
		{38CC4BA7-77B6-44AC-A480-177DA9F72F94}.Debug|iPhoneSimulator.ActiveCfg = Debug|Any CPU
		{38CC4BA7-77B6-44AC-A480-177DA9F72F94}.Debug|iPhoneSimulator.Build.0 = Debug|Any CPU
		{38CC4BA7-77B6-44AC-A480-177DA9F72F94}.Debug|iPhoneSimulator.Deploy.0 = Debug|Any CPU
		{38CC4BA7-77B6-44AC-A480-177DA9F72F94}.Debug|x64.ActiveCfg = Debug|Any CPU
		{38CC4BA7-77B6-44AC-A480-177DA9F72F94}.Debug|x64.Build.0 = Debug|Any CPU
		{38CC4BA7-77B6-44AC-A480-177DA9F72F94}.Debug|x64.Deploy.0 = Debug|Any CPU
		{38CC4BA7-77B6-44AC-A480-177DA9F72F94}.Debug|x86.ActiveCfg = Debug|Any CPU
		{38CC4BA7-77B6-44AC-A480-177DA9F72F94}.Debug|x86.Build.0 = Debug|Any CPU
		{38CC4BA7-77B6-44AC-A480-177DA9F72F94}.Debug|x86.Deploy.0 = Debug|Any CPU
		{38CC4BA7-77B6-44AC-A480-177DA9F72F94}.Release|Any CPU.ActiveCfg = Release|Any CPU
		{38CC4BA7-77B6-44AC-A480-177DA9F72F94}.Release|Any CPU.Build.0 = Release|Any CPU
		{38CC4BA7-77B6-44AC-A480-177DA9F72F94}.Release|Any CPU.Deploy.0 = Release|Any CPU
		{38CC4BA7-77B6-44AC-A480-177DA9F72F94}.Release|ARM.ActiveCfg = Release|Any CPU
		{38CC4BA7-77B6-44AC-A480-177DA9F72F94}.Release|ARM.Build.0 = Release|Any CPU
		{38CC4BA7-77B6-44AC-A480-177DA9F72F94}.Release|ARM.Deploy.0 = Release|Any CPU
		{38CC4BA7-77B6-44AC-A480-177DA9F72F94}.Release|iPhone.ActiveCfg = Release|Any CPU
		{38CC4BA7-77B6-44AC-A480-177DA9F72F94}.Release|iPhone.Build.0 = Release|Any CPU
		{38CC4BA7-77B6-44AC-A480-177DA9F72F94}.Release|iPhone.Deploy.0 = Release|Any CPU
		{38CC4BA7-77B6-44AC-A480-177DA9F72F94}.Release|iPhoneSimulator.ActiveCfg = Release|Any CPU
		{38CC4BA7-77B6-44AC-A480-177DA9F72F94}.Release|iPhoneSimulator.Build.0 = Release|Any CPU
		{38CC4BA7-77B6-44AC-A480-177DA9F72F94}.Release|iPhoneSimulator.Deploy.0 = Release|Any CPU
		{38CC4BA7-77B6-44AC-A480-177DA9F72F94}.Release|x64.ActiveCfg = Release|Any CPU
		{38CC4BA7-77B6-44AC-A480-177DA9F72F94}.Release|x64.Build.0 = Release|Any CPU
		{38CC4BA7-77B6-44AC-A480-177DA9F72F94}.Release|x64.Deploy.0 = Release|Any CPU
		{38CC4BA7-77B6-44AC-A480-177DA9F72F94}.Release|x86.ActiveCfg = Release|Any CPU
		{38CC4BA7-77B6-44AC-A480-177DA9F72F94}.Release|x86.Build.0 = Release|Any CPU
		{38CC4BA7-77B6-44AC-A480-177DA9F72F94}.Release|x86.Deploy.0 = Release|Any CPU
		{92FCAEAD-F1E4-4430-AA23-2855A656033C}.Ad-Hoc|Any CPU.ActiveCfg = Ad-Hoc|iPhone
		{92FCAEAD-F1E4-4430-AA23-2855A656033C}.Ad-Hoc|ARM.ActiveCfg = Ad-Hoc|iPhone
		{92FCAEAD-F1E4-4430-AA23-2855A656033C}.Ad-Hoc|iPhone.ActiveCfg = Ad-Hoc|iPhone
		{92FCAEAD-F1E4-4430-AA23-2855A656033C}.Ad-Hoc|iPhone.Build.0 = Ad-Hoc|iPhone
		{92FCAEAD-F1E4-4430-AA23-2855A656033C}.Ad-Hoc|iPhoneSimulator.ActiveCfg = Ad-Hoc|iPhoneSimulator
		{92FCAEAD-F1E4-4430-AA23-2855A656033C}.Ad-Hoc|iPhoneSimulator.Build.0 = Ad-Hoc|iPhoneSimulator
		{92FCAEAD-F1E4-4430-AA23-2855A656033C}.Ad-Hoc|x64.ActiveCfg = Ad-Hoc|iPhone
		{92FCAEAD-F1E4-4430-AA23-2855A656033C}.Ad-Hoc|x86.ActiveCfg = Ad-Hoc|iPhone
		{92FCAEAD-F1E4-4430-AA23-2855A656033C}.AppStore|Any CPU.ActiveCfg = AppStore|iPhone
		{92FCAEAD-F1E4-4430-AA23-2855A656033C}.AppStore|ARM.ActiveCfg = AppStore|iPhone
		{92FCAEAD-F1E4-4430-AA23-2855A656033C}.AppStore|iPhone.ActiveCfg = AppStore|iPhone
		{92FCAEAD-F1E4-4430-AA23-2855A656033C}.AppStore|iPhone.Build.0 = AppStore|iPhone
		{92FCAEAD-F1E4-4430-AA23-2855A656033C}.AppStore|iPhoneSimulator.ActiveCfg = AppStore|iPhoneSimulator
		{92FCAEAD-F1E4-4430-AA23-2855A656033C}.AppStore|iPhoneSimulator.Build.0 = AppStore|iPhoneSimulator
		{92FCAEAD-F1E4-4430-AA23-2855A656033C}.AppStore|x64.ActiveCfg = AppStore|iPhone
		{92FCAEAD-F1E4-4430-AA23-2855A656033C}.AppStore|x86.ActiveCfg = AppStore|iPhone
		{92FCAEAD-F1E4-4430-AA23-2855A656033C}.Debug|Any CPU.ActiveCfg = Debug|iPhone
		{92FCAEAD-F1E4-4430-AA23-2855A656033C}.Debug|ARM.ActiveCfg = Debug|iPhone
		{92FCAEAD-F1E4-4430-AA23-2855A656033C}.Debug|iPhone.ActiveCfg = Debug|iPhone
		{92FCAEAD-F1E4-4430-AA23-2855A656033C}.Debug|iPhone.Build.0 = Debug|iPhone
		{92FCAEAD-F1E4-4430-AA23-2855A656033C}.Debug|iPhoneSimulator.ActiveCfg = Debug|iPhoneSimulator
		{92FCAEAD-F1E4-4430-AA23-2855A656033C}.Debug|iPhoneSimulator.Build.0 = Debug|iPhoneSimulator
		{92FCAEAD-F1E4-4430-AA23-2855A656033C}.Debug|x64.ActiveCfg = Debug|iPhone
		{92FCAEAD-F1E4-4430-AA23-2855A656033C}.Debug|x86.ActiveCfg = Debug|iPhone
		{92FCAEAD-F1E4-4430-AA23-2855A656033C}.Release|Any CPU.ActiveCfg = Release|iPhone
		{92FCAEAD-F1E4-4430-AA23-2855A656033C}.Release|ARM.ActiveCfg = Release|iPhone
		{92FCAEAD-F1E4-4430-AA23-2855A656033C}.Release|iPhone.ActiveCfg = Release|iPhone
		{92FCAEAD-F1E4-4430-AA23-2855A656033C}.Release|iPhone.Build.0 = Release|iPhone
		{92FCAEAD-F1E4-4430-AA23-2855A656033C}.Release|iPhoneSimulator.ActiveCfg = Release|iPhoneSimulator
		{92FCAEAD-F1E4-4430-AA23-2855A656033C}.Release|iPhoneSimulator.Build.0 = Release|iPhoneSimulator
		{92FCAEAD-F1E4-4430-AA23-2855A656033C}.Release|x64.ActiveCfg = Release|iPhone
		{92FCAEAD-F1E4-4430-AA23-2855A656033C}.Release|x86.ActiveCfg = Release|iPhone
		{D7019CFE-05AB-4090-A8ED-C7DE221D3C19}.Ad-Hoc|Any CPU.ActiveCfg = Release|Any CPU
		{D7019CFE-05AB-4090-A8ED-C7DE221D3C19}.Ad-Hoc|Any CPU.Build.0 = Release|Any CPU
		{D7019CFE-05AB-4090-A8ED-C7DE221D3C19}.Ad-Hoc|Any CPU.Deploy.0 = Release|Any CPU
		{D7019CFE-05AB-4090-A8ED-C7DE221D3C19}.Ad-Hoc|ARM.ActiveCfg = Release|ARM
		{D7019CFE-05AB-4090-A8ED-C7DE221D3C19}.Ad-Hoc|ARM.Build.0 = Release|ARM
		{D7019CFE-05AB-4090-A8ED-C7DE221D3C19}.Ad-Hoc|ARM.Deploy.0 = Release|ARM
		{D7019CFE-05AB-4090-A8ED-C7DE221D3C19}.Ad-Hoc|iPhone.ActiveCfg = Release|Any CPU
		{D7019CFE-05AB-4090-A8ED-C7DE221D3C19}.Ad-Hoc|iPhone.Build.0 = Release|Any CPU
		{D7019CFE-05AB-4090-A8ED-C7DE221D3C19}.Ad-Hoc|iPhone.Deploy.0 = Release|Any CPU
		{D7019CFE-05AB-4090-A8ED-C7DE221D3C19}.Ad-Hoc|iPhoneSimulator.ActiveCfg = Release|Any CPU
		{D7019CFE-05AB-4090-A8ED-C7DE221D3C19}.Ad-Hoc|iPhoneSimulator.Build.0 = Release|Any CPU
		{D7019CFE-05AB-4090-A8ED-C7DE221D3C19}.Ad-Hoc|iPhoneSimulator.Deploy.0 = Release|Any CPU
		{D7019CFE-05AB-4090-A8ED-C7DE221D3C19}.Ad-Hoc|x64.ActiveCfg = Release|Any CPU
		{D7019CFE-05AB-4090-A8ED-C7DE221D3C19}.Ad-Hoc|x64.Build.0 = Release|Any CPU
		{D7019CFE-05AB-4090-A8ED-C7DE221D3C19}.Ad-Hoc|x64.Deploy.0 = Release|Any CPU
		{D7019CFE-05AB-4090-A8ED-C7DE221D3C19}.Ad-Hoc|x86.ActiveCfg = Release|x86
		{D7019CFE-05AB-4090-A8ED-C7DE221D3C19}.Ad-Hoc|x86.Build.0 = Release|x86
		{D7019CFE-05AB-4090-A8ED-C7DE221D3C19}.Ad-Hoc|x86.Deploy.0 = Release|x86
		{D7019CFE-05AB-4090-A8ED-C7DE221D3C19}.AppStore|Any CPU.ActiveCfg = Release|Any CPU
		{D7019CFE-05AB-4090-A8ED-C7DE221D3C19}.AppStore|Any CPU.Build.0 = Release|Any CPU
		{D7019CFE-05AB-4090-A8ED-C7DE221D3C19}.AppStore|Any CPU.Deploy.0 = Release|Any CPU
		{D7019CFE-05AB-4090-A8ED-C7DE221D3C19}.AppStore|ARM.ActiveCfg = Release|ARM
		{D7019CFE-05AB-4090-A8ED-C7DE221D3C19}.AppStore|ARM.Build.0 = Release|ARM
		{D7019CFE-05AB-4090-A8ED-C7DE221D3C19}.AppStore|ARM.Deploy.0 = Release|ARM
		{D7019CFE-05AB-4090-A8ED-C7DE221D3C19}.AppStore|iPhone.ActiveCfg = Release|Any CPU
		{D7019CFE-05AB-4090-A8ED-C7DE221D3C19}.AppStore|iPhone.Build.0 = Release|Any CPU
		{D7019CFE-05AB-4090-A8ED-C7DE221D3C19}.AppStore|iPhone.Deploy.0 = Release|Any CPU
		{D7019CFE-05AB-4090-A8ED-C7DE221D3C19}.AppStore|iPhoneSimulator.ActiveCfg = Release|Any CPU
		{D7019CFE-05AB-4090-A8ED-C7DE221D3C19}.AppStore|iPhoneSimulator.Build.0 = Release|Any CPU
		{D7019CFE-05AB-4090-A8ED-C7DE221D3C19}.AppStore|iPhoneSimulator.Deploy.0 = Release|Any CPU
		{D7019CFE-05AB-4090-A8ED-C7DE221D3C19}.AppStore|x64.ActiveCfg = Release|Any CPU
		{D7019CFE-05AB-4090-A8ED-C7DE221D3C19}.AppStore|x64.Build.0 = Release|Any CPU
		{D7019CFE-05AB-4090-A8ED-C7DE221D3C19}.AppStore|x64.Deploy.0 = Release|Any CPU
		{D7019CFE-05AB-4090-A8ED-C7DE221D3C19}.AppStore|x86.ActiveCfg = Release|x86
		{D7019CFE-05AB-4090-A8ED-C7DE221D3C19}.AppStore|x86.Build.0 = Release|x86
		{D7019CFE-05AB-4090-A8ED-C7DE221D3C19}.AppStore|x86.Deploy.0 = Release|x86
		{D7019CFE-05AB-4090-A8ED-C7DE221D3C19}.Debug|Any CPU.ActiveCfg = Debug|Any CPU
		{D7019CFE-05AB-4090-A8ED-C7DE221D3C19}.Debug|Any CPU.Build.0 = Debug|Any CPU
		{D7019CFE-05AB-4090-A8ED-C7DE221D3C19}.Debug|Any CPU.Deploy.0 = Debug|Any CPU
		{D7019CFE-05AB-4090-A8ED-C7DE221D3C19}.Debug|ARM.ActiveCfg = Debug|ARM
		{D7019CFE-05AB-4090-A8ED-C7DE221D3C19}.Debug|ARM.Build.0 = Debug|ARM
		{D7019CFE-05AB-4090-A8ED-C7DE221D3C19}.Debug|ARM.Deploy.0 = Debug|ARM
		{D7019CFE-05AB-4090-A8ED-C7DE221D3C19}.Debug|iPhone.ActiveCfg = Debug|Any CPU
		{D7019CFE-05AB-4090-A8ED-C7DE221D3C19}.Debug|iPhone.Build.0 = Debug|Any CPU
		{D7019CFE-05AB-4090-A8ED-C7DE221D3C19}.Debug|iPhone.Deploy.0 = Debug|Any CPU
		{D7019CFE-05AB-4090-A8ED-C7DE221D3C19}.Debug|iPhoneSimulator.ActiveCfg = Debug|Any CPU
		{D7019CFE-05AB-4090-A8ED-C7DE221D3C19}.Debug|iPhoneSimulator.Build.0 = Debug|Any CPU
		{D7019CFE-05AB-4090-A8ED-C7DE221D3C19}.Debug|iPhoneSimulator.Deploy.0 = Debug|Any CPU
		{D7019CFE-05AB-4090-A8ED-C7DE221D3C19}.Debug|x64.ActiveCfg = Debug|Any CPU
		{D7019CFE-05AB-4090-A8ED-C7DE221D3C19}.Debug|x64.Build.0 = Debug|Any CPU
		{D7019CFE-05AB-4090-A8ED-C7DE221D3C19}.Debug|x64.Deploy.0 = Debug|Any CPU
		{D7019CFE-05AB-4090-A8ED-C7DE221D3C19}.Debug|x86.ActiveCfg = Debug|x86
		{D7019CFE-05AB-4090-A8ED-C7DE221D3C19}.Debug|x86.Build.0 = Debug|x86
		{D7019CFE-05AB-4090-A8ED-C7DE221D3C19}.Debug|x86.Deploy.0 = Debug|x86
		{D7019CFE-05AB-4090-A8ED-C7DE221D3C19}.Release|Any CPU.ActiveCfg = Release|Any CPU
		{D7019CFE-05AB-4090-A8ED-C7DE221D3C19}.Release|Any CPU.Build.0 = Release|Any CPU
		{D7019CFE-05AB-4090-A8ED-C7DE221D3C19}.Release|Any CPU.Deploy.0 = Release|Any CPU
		{D7019CFE-05AB-4090-A8ED-C7DE221D3C19}.Release|ARM.ActiveCfg = Release|ARM
		{D7019CFE-05AB-4090-A8ED-C7DE221D3C19}.Release|ARM.Build.0 = Release|ARM
		{D7019CFE-05AB-4090-A8ED-C7DE221D3C19}.Release|ARM.Deploy.0 = Release|ARM
		{D7019CFE-05AB-4090-A8ED-C7DE221D3C19}.Release|iPhone.ActiveCfg = Release|Any CPU
		{D7019CFE-05AB-4090-A8ED-C7DE221D3C19}.Release|iPhone.Build.0 = Release|Any CPU
		{D7019CFE-05AB-4090-A8ED-C7DE221D3C19}.Release|iPhone.Deploy.0 = Release|Any CPU
		{D7019CFE-05AB-4090-A8ED-C7DE221D3C19}.Release|iPhoneSimulator.ActiveCfg = Release|Any CPU
		{D7019CFE-05AB-4090-A8ED-C7DE221D3C19}.Release|iPhoneSimulator.Build.0 = Release|Any CPU
		{D7019CFE-05AB-4090-A8ED-C7DE221D3C19}.Release|iPhoneSimulator.Deploy.0 = Release|Any CPU
		{D7019CFE-05AB-4090-A8ED-C7DE221D3C19}.Release|x64.ActiveCfg = Release|Any CPU
		{D7019CFE-05AB-4090-A8ED-C7DE221D3C19}.Release|x64.Build.0 = Release|Any CPU
		{D7019CFE-05AB-4090-A8ED-C7DE221D3C19}.Release|x64.Deploy.0 = Release|Any CPU
		{D7019CFE-05AB-4090-A8ED-C7DE221D3C19}.Release|x86.ActiveCfg = Release|x86
		{D7019CFE-05AB-4090-A8ED-C7DE221D3C19}.Release|x86.Build.0 = Release|x86
		{D7019CFE-05AB-4090-A8ED-C7DE221D3C19}.Release|x86.Deploy.0 = Release|x86
		{69E0D92A-2815-43CB-83B2-E5701CD0F0DD}.Ad-Hoc|Any CPU.ActiveCfg = Release|x86
		{69E0D92A-2815-43CB-83B2-E5701CD0F0DD}.Ad-Hoc|Any CPU.Build.0 = Release|x86
		{69E0D92A-2815-43CB-83B2-E5701CD0F0DD}.Ad-Hoc|Any CPU.Deploy.0 = Release|x86
		{69E0D92A-2815-43CB-83B2-E5701CD0F0DD}.Ad-Hoc|ARM.ActiveCfg = Release|ARM
		{69E0D92A-2815-43CB-83B2-E5701CD0F0DD}.Ad-Hoc|ARM.Build.0 = Release|ARM
		{69E0D92A-2815-43CB-83B2-E5701CD0F0DD}.Ad-Hoc|ARM.Deploy.0 = Release|ARM
		{69E0D92A-2815-43CB-83B2-E5701CD0F0DD}.Ad-Hoc|iPhone.ActiveCfg = Release|x86
		{69E0D92A-2815-43CB-83B2-E5701CD0F0DD}.Ad-Hoc|iPhone.Build.0 = Release|x86
		{69E0D92A-2815-43CB-83B2-E5701CD0F0DD}.Ad-Hoc|iPhone.Deploy.0 = Release|x86
		{69E0D92A-2815-43CB-83B2-E5701CD0F0DD}.Ad-Hoc|iPhoneSimulator.ActiveCfg = Release|x86
		{69E0D92A-2815-43CB-83B2-E5701CD0F0DD}.Ad-Hoc|iPhoneSimulator.Build.0 = Release|x86
		{69E0D92A-2815-43CB-83B2-E5701CD0F0DD}.Ad-Hoc|iPhoneSimulator.Deploy.0 = Release|x86
		{69E0D92A-2815-43CB-83B2-E5701CD0F0DD}.Ad-Hoc|x64.ActiveCfg = Release|x64
		{69E0D92A-2815-43CB-83B2-E5701CD0F0DD}.Ad-Hoc|x64.Build.0 = Release|x64
		{69E0D92A-2815-43CB-83B2-E5701CD0F0DD}.Ad-Hoc|x64.Deploy.0 = Release|x64
		{69E0D92A-2815-43CB-83B2-E5701CD0F0DD}.Ad-Hoc|x86.ActiveCfg = Release|x86
		{69E0D92A-2815-43CB-83B2-E5701CD0F0DD}.Ad-Hoc|x86.Build.0 = Release|x86
		{69E0D92A-2815-43CB-83B2-E5701CD0F0DD}.Ad-Hoc|x86.Deploy.0 = Release|x86
		{69E0D92A-2815-43CB-83B2-E5701CD0F0DD}.AppStore|Any CPU.ActiveCfg = Release|x86
		{69E0D92A-2815-43CB-83B2-E5701CD0F0DD}.AppStore|Any CPU.Build.0 = Release|x86
		{69E0D92A-2815-43CB-83B2-E5701CD0F0DD}.AppStore|Any CPU.Deploy.0 = Release|x86
		{69E0D92A-2815-43CB-83B2-E5701CD0F0DD}.AppStore|ARM.ActiveCfg = Release|ARM
		{69E0D92A-2815-43CB-83B2-E5701CD0F0DD}.AppStore|ARM.Build.0 = Release|ARM
		{69E0D92A-2815-43CB-83B2-E5701CD0F0DD}.AppStore|ARM.Deploy.0 = Release|ARM
		{69E0D92A-2815-43CB-83B2-E5701CD0F0DD}.AppStore|iPhone.ActiveCfg = Release|x86
		{69E0D92A-2815-43CB-83B2-E5701CD0F0DD}.AppStore|iPhone.Build.0 = Release|x86
		{69E0D92A-2815-43CB-83B2-E5701CD0F0DD}.AppStore|iPhone.Deploy.0 = Release|x86
		{69E0D92A-2815-43CB-83B2-E5701CD0F0DD}.AppStore|iPhoneSimulator.ActiveCfg = Release|x86
		{69E0D92A-2815-43CB-83B2-E5701CD0F0DD}.AppStore|iPhoneSimulator.Build.0 = Release|x86
		{69E0D92A-2815-43CB-83B2-E5701CD0F0DD}.AppStore|iPhoneSimulator.Deploy.0 = Release|x86
		{69E0D92A-2815-43CB-83B2-E5701CD0F0DD}.AppStore|x64.ActiveCfg = Release|x64
		{69E0D92A-2815-43CB-83B2-E5701CD0F0DD}.AppStore|x64.Build.0 = Release|x64
		{69E0D92A-2815-43CB-83B2-E5701CD0F0DD}.AppStore|x64.Deploy.0 = Release|x64
		{69E0D92A-2815-43CB-83B2-E5701CD0F0DD}.AppStore|x86.ActiveCfg = Release|x86
		{69E0D92A-2815-43CB-83B2-E5701CD0F0DD}.AppStore|x86.Build.0 = Release|x86
		{69E0D92A-2815-43CB-83B2-E5701CD0F0DD}.AppStore|x86.Deploy.0 = Release|x86
		{69E0D92A-2815-43CB-83B2-E5701CD0F0DD}.Debug|Any CPU.ActiveCfg = Debug|x86
		{69E0D92A-2815-43CB-83B2-E5701CD0F0DD}.Debug|ARM.ActiveCfg = Debug|ARM
		{69E0D92A-2815-43CB-83B2-E5701CD0F0DD}.Debug|ARM.Build.0 = Debug|ARM
		{69E0D92A-2815-43CB-83B2-E5701CD0F0DD}.Debug|ARM.Deploy.0 = Debug|ARM
		{69E0D92A-2815-43CB-83B2-E5701CD0F0DD}.Debug|iPhone.ActiveCfg = Debug|x86
		{69E0D92A-2815-43CB-83B2-E5701CD0F0DD}.Debug|iPhoneSimulator.ActiveCfg = Debug|x86
		{69E0D92A-2815-43CB-83B2-E5701CD0F0DD}.Debug|x64.ActiveCfg = Debug|x64
		{69E0D92A-2815-43CB-83B2-E5701CD0F0DD}.Debug|x64.Build.0 = Debug|x64
		{69E0D92A-2815-43CB-83B2-E5701CD0F0DD}.Debug|x64.Deploy.0 = Debug|x64
		{69E0D92A-2815-43CB-83B2-E5701CD0F0DD}.Debug|x86.ActiveCfg = Debug|x86
		{69E0D92A-2815-43CB-83B2-E5701CD0F0DD}.Debug|x86.Build.0 = Debug|x86
		{69E0D92A-2815-43CB-83B2-E5701CD0F0DD}.Debug|x86.Deploy.0 = Debug|x86
		{69E0D92A-2815-43CB-83B2-E5701CD0F0DD}.Release|Any CPU.ActiveCfg = Release|x86
		{69E0D92A-2815-43CB-83B2-E5701CD0F0DD}.Release|ARM.ActiveCfg = Release|ARM
		{69E0D92A-2815-43CB-83B2-E5701CD0F0DD}.Release|ARM.Build.0 = Release|ARM
		{69E0D92A-2815-43CB-83B2-E5701CD0F0DD}.Release|ARM.Deploy.0 = Release|ARM
		{69E0D92A-2815-43CB-83B2-E5701CD0F0DD}.Release|iPhone.ActiveCfg = Release|x86
		{69E0D92A-2815-43CB-83B2-E5701CD0F0DD}.Release|iPhoneSimulator.ActiveCfg = Release|x86
		{69E0D92A-2815-43CB-83B2-E5701CD0F0DD}.Release|x64.ActiveCfg = Release|x64
		{69E0D92A-2815-43CB-83B2-E5701CD0F0DD}.Release|x64.Build.0 = Release|x64
		{69E0D92A-2815-43CB-83B2-E5701CD0F0DD}.Release|x64.Deploy.0 = Release|x64
		{69E0D92A-2815-43CB-83B2-E5701CD0F0DD}.Release|x86.ActiveCfg = Release|x86
		{69E0D92A-2815-43CB-83B2-E5701CD0F0DD}.Release|x86.Build.0 = Release|x86
		{69E0D92A-2815-43CB-83B2-E5701CD0F0DD}.Release|x86.Deploy.0 = Release|x86
		{2B825C51-50DA-47B2-8970-15AEAD8702F5}.Ad-Hoc|Any CPU.ActiveCfg = Release|Any CPU
		{2B825C51-50DA-47B2-8970-15AEAD8702F5}.Ad-Hoc|Any CPU.Build.0 = Release|Any CPU
		{2B825C51-50DA-47B2-8970-15AEAD8702F5}.Ad-Hoc|Any CPU.Deploy.0 = Release|Any CPU
		{2B825C51-50DA-47B2-8970-15AEAD8702F5}.Ad-Hoc|ARM.ActiveCfg = Release|ARM
		{2B825C51-50DA-47B2-8970-15AEAD8702F5}.Ad-Hoc|ARM.Build.0 = Release|ARM
		{2B825C51-50DA-47B2-8970-15AEAD8702F5}.Ad-Hoc|ARM.Deploy.0 = Release|ARM
		{2B825C51-50DA-47B2-8970-15AEAD8702F5}.Ad-Hoc|iPhone.ActiveCfg = Release|Any CPU
		{2B825C51-50DA-47B2-8970-15AEAD8702F5}.Ad-Hoc|iPhone.Build.0 = Release|Any CPU
		{2B825C51-50DA-47B2-8970-15AEAD8702F5}.Ad-Hoc|iPhone.Deploy.0 = Release|Any CPU
		{2B825C51-50DA-47B2-8970-15AEAD8702F5}.Ad-Hoc|iPhoneSimulator.ActiveCfg = Release|Any CPU
		{2B825C51-50DA-47B2-8970-15AEAD8702F5}.Ad-Hoc|iPhoneSimulator.Build.0 = Release|Any CPU
		{2B825C51-50DA-47B2-8970-15AEAD8702F5}.Ad-Hoc|iPhoneSimulator.Deploy.0 = Release|Any CPU
		{2B825C51-50DA-47B2-8970-15AEAD8702F5}.Ad-Hoc|x64.ActiveCfg = Release|x64
		{2B825C51-50DA-47B2-8970-15AEAD8702F5}.Ad-Hoc|x64.Build.0 = Release|x64
		{2B825C51-50DA-47B2-8970-15AEAD8702F5}.Ad-Hoc|x64.Deploy.0 = Release|x64
		{2B825C51-50DA-47B2-8970-15AEAD8702F5}.Ad-Hoc|x86.ActiveCfg = Release|x86
		{2B825C51-50DA-47B2-8970-15AEAD8702F5}.Ad-Hoc|x86.Build.0 = Release|x86
		{2B825C51-50DA-47B2-8970-15AEAD8702F5}.Ad-Hoc|x86.Deploy.0 = Release|x86
		{2B825C51-50DA-47B2-8970-15AEAD8702F5}.AppStore|Any CPU.ActiveCfg = Release|Any CPU
		{2B825C51-50DA-47B2-8970-15AEAD8702F5}.AppStore|Any CPU.Build.0 = Release|Any CPU
		{2B825C51-50DA-47B2-8970-15AEAD8702F5}.AppStore|Any CPU.Deploy.0 = Release|Any CPU
		{2B825C51-50DA-47B2-8970-15AEAD8702F5}.AppStore|ARM.ActiveCfg = Release|ARM
		{2B825C51-50DA-47B2-8970-15AEAD8702F5}.AppStore|ARM.Build.0 = Release|ARM
		{2B825C51-50DA-47B2-8970-15AEAD8702F5}.AppStore|ARM.Deploy.0 = Release|ARM
		{2B825C51-50DA-47B2-8970-15AEAD8702F5}.AppStore|iPhone.ActiveCfg = Release|Any CPU
		{2B825C51-50DA-47B2-8970-15AEAD8702F5}.AppStore|iPhone.Build.0 = Release|Any CPU
		{2B825C51-50DA-47B2-8970-15AEAD8702F5}.AppStore|iPhone.Deploy.0 = Release|Any CPU
		{2B825C51-50DA-47B2-8970-15AEAD8702F5}.AppStore|iPhoneSimulator.ActiveCfg = Release|Any CPU
		{2B825C51-50DA-47B2-8970-15AEAD8702F5}.AppStore|iPhoneSimulator.Build.0 = Release|Any CPU
		{2B825C51-50DA-47B2-8970-15AEAD8702F5}.AppStore|iPhoneSimulator.Deploy.0 = Release|Any CPU
		{2B825C51-50DA-47B2-8970-15AEAD8702F5}.AppStore|x64.ActiveCfg = Release|x64
		{2B825C51-50DA-47B2-8970-15AEAD8702F5}.AppStore|x64.Build.0 = Release|x64
		{2B825C51-50DA-47B2-8970-15AEAD8702F5}.AppStore|x64.Deploy.0 = Release|x64
		{2B825C51-50DA-47B2-8970-15AEAD8702F5}.AppStore|x86.ActiveCfg = Release|x86
		{2B825C51-50DA-47B2-8970-15AEAD8702F5}.AppStore|x86.Build.0 = Release|x86
		{2B825C51-50DA-47B2-8970-15AEAD8702F5}.AppStore|x86.Deploy.0 = Release|x86
		{2B825C51-50DA-47B2-8970-15AEAD8702F5}.Debug|Any CPU.ActiveCfg = Debug|Any CPU
		{2B825C51-50DA-47B2-8970-15AEAD8702F5}.Debug|Any CPU.Build.0 = Debug|Any CPU
		{2B825C51-50DA-47B2-8970-15AEAD8702F5}.Debug|Any CPU.Deploy.0 = Debug|Any CPU
		{2B825C51-50DA-47B2-8970-15AEAD8702F5}.Debug|ARM.ActiveCfg = Debug|ARM
		{2B825C51-50DA-47B2-8970-15AEAD8702F5}.Debug|ARM.Build.0 = Debug|ARM
		{2B825C51-50DA-47B2-8970-15AEAD8702F5}.Debug|ARM.Deploy.0 = Debug|ARM
		{2B825C51-50DA-47B2-8970-15AEAD8702F5}.Debug|iPhone.ActiveCfg = Debug|Any CPU
		{2B825C51-50DA-47B2-8970-15AEAD8702F5}.Debug|iPhone.Build.0 = Debug|Any CPU
		{2B825C51-50DA-47B2-8970-15AEAD8702F5}.Debug|iPhone.Deploy.0 = Debug|Any CPU
		{2B825C51-50DA-47B2-8970-15AEAD8702F5}.Debug|iPhoneSimulator.ActiveCfg = Debug|Any CPU
		{2B825C51-50DA-47B2-8970-15AEAD8702F5}.Debug|iPhoneSimulator.Build.0 = Debug|Any CPU
		{2B825C51-50DA-47B2-8970-15AEAD8702F5}.Debug|iPhoneSimulator.Deploy.0 = Debug|Any CPU
		{2B825C51-50DA-47B2-8970-15AEAD8702F5}.Debug|x64.ActiveCfg = Debug|x64
		{2B825C51-50DA-47B2-8970-15AEAD8702F5}.Debug|x64.Build.0 = Debug|x64
		{2B825C51-50DA-47B2-8970-15AEAD8702F5}.Debug|x64.Deploy.0 = Debug|x64
		{2B825C51-50DA-47B2-8970-15AEAD8702F5}.Debug|x86.ActiveCfg = Debug|x86
		{2B825C51-50DA-47B2-8970-15AEAD8702F5}.Debug|x86.Build.0 = Debug|x86
		{2B825C51-50DA-47B2-8970-15AEAD8702F5}.Debug|x86.Deploy.0 = Debug|x86
		{2B825C51-50DA-47B2-8970-15AEAD8702F5}.Release|Any CPU.ActiveCfg = Release|Any CPU
		{2B825C51-50DA-47B2-8970-15AEAD8702F5}.Release|Any CPU.Build.0 = Release|Any CPU
		{2B825C51-50DA-47B2-8970-15AEAD8702F5}.Release|Any CPU.Deploy.0 = Release|Any CPU
		{2B825C51-50DA-47B2-8970-15AEAD8702F5}.Release|ARM.ActiveCfg = Release|ARM
		{2B825C51-50DA-47B2-8970-15AEAD8702F5}.Release|ARM.Build.0 = Release|ARM
		{2B825C51-50DA-47B2-8970-15AEAD8702F5}.Release|ARM.Deploy.0 = Release|ARM
		{2B825C51-50DA-47B2-8970-15AEAD8702F5}.Release|iPhone.ActiveCfg = Release|Any CPU
		{2B825C51-50DA-47B2-8970-15AEAD8702F5}.Release|iPhone.Build.0 = Release|Any CPU
		{2B825C51-50DA-47B2-8970-15AEAD8702F5}.Release|iPhone.Deploy.0 = Release|Any CPU
		{2B825C51-50DA-47B2-8970-15AEAD8702F5}.Release|iPhoneSimulator.ActiveCfg = Release|Any CPU
		{2B825C51-50DA-47B2-8970-15AEAD8702F5}.Release|iPhoneSimulator.Build.0 = Release|Any CPU
		{2B825C51-50DA-47B2-8970-15AEAD8702F5}.Release|iPhoneSimulator.Deploy.0 = Release|Any CPU
		{2B825C51-50DA-47B2-8970-15AEAD8702F5}.Release|x64.ActiveCfg = Release|x64
		{2B825C51-50DA-47B2-8970-15AEAD8702F5}.Release|x64.Build.0 = Release|x64
		{2B825C51-50DA-47B2-8970-15AEAD8702F5}.Release|x64.Deploy.0 = Release|x64
		{2B825C51-50DA-47B2-8970-15AEAD8702F5}.Release|x86.ActiveCfg = Release|x86
		{2B825C51-50DA-47B2-8970-15AEAD8702F5}.Release|x86.Build.0 = Release|x86
		{2B825C51-50DA-47B2-8970-15AEAD8702F5}.Release|x86.Deploy.0 = Release|x86
	EndGlobalSection
	GlobalSection(SolutionProperties) = preSolution
		HideSolutionNode = FALSE
	EndGlobalSection
EndGlobal
